
Microsoft Visual Studio Solution File, Format Version 12.00
# Visual Studio Version 17
VisualStudioVersion = 17.13.35919.96 d17.13
MinimumVisualStudioVersion = 10.0.40219.1
Project("{FAE04EC0-301F-11D3-BF4B-00C04F79EFBC}") = "ConsoleApp2", "ConsoleApp2.csproj", "{9E76DA16-D9F1-41C3-9903-418058BCA1A5}"
EndProject
Global
	GlobalSection(SolutionConfigurationPlatforms) = preSolution
		Debug|Any CPU = Debug|Any CPU
		Release|Any CPU = Release|Any CPU
	EndGlobalSection
	GlobalSection(ProjectConfigurationPlatforms) = postSolution
		{9E76DA16-D9F1-41C3-9903-418058BCA1A5}.Debug|Any CPU.ActiveCfg = Debug|Any CPU
		{9E76DA16-D9F1-41C3-9903-418058BCA1A5}.Debug|Any CPU.Build.0 = Debug|Any CPU
		{9E76DA16-D9F1-41C3-9903-418058BCA1A5}.Release|Any CPU.ActiveCfg = Release|Any CPU
		{9E76DA16-D9F1-41C3-9903-418058BCA1A5}.Release|Any CPU.Build.0 = Release|Any CPU
	EndGlobalSection
	GlobalSection(SolutionProperties) = preSolution
		HideSolutionNode = FALSE
	EndGlobalSection
	GlobalSection(ExtensibilityGlobals) = postSolution
		SolutionGuid = {4C1852EE-EF6E-4E3E-8F92-E294CCB2192F}
	EndGlobalSection
EndGlobal
